{
  "name": "@jmgduarte/headless-angular-premium",
  "version": "0.0.1",
  "lockfileVersion": 3,
  "requires": true,
  "packages": {
    "": {
      "name": "@jmgduarte/headless-angular-premium",
      "version": "0.0.1",
      "dependencies": {
        "@jmgduarte/headless-angular": "git+ssh://git@github.com/jmgduarte1/headless-renderer-angular.git#dist",
        "@jmgduarte/headless-core": "git+ssh://git@github.com/jmgduarte1/headless-renderer-core.git#dist",
        "tslib": "^2.3.0"
      },
      "peerDependencies": {
        "@angular/common": "^21.2.0",
        "@angular/core": "^21.2.0",
        "@angular/platform-browser": "^21.2.0"
      }
    },
    "node_modules/@angular/cdk": {
      "version": "21.2.14",
      "resolved": "https://registry.npmjs.org/@angular/cdk/-/cdk-21.2.14.tgz",
      "integrity": "sha512-806REq/CLf37nEhmmd8Q+ILN8z/RVG2vk2n8YZ/4TdHpcBCi5ux4AxLbpMmduLwGPOzPagJ6ggRzE5fnX0rmcQ==",
      "license": "MIT",
      "dependencies": {
        "parse5": "^8.0.0",
        "tslib": "^2.3.0"
      },
      "peerDependencies": {
        "@angular/common": "^21.0.0 || ^22.0.0",
        "@angular/core": "^21.0.0 || ^22.0.0",
        "@angular/platform-browser": "^21.0.0 || ^22.0.0",
        "rxjs": "^6.5.3 || ^7.4.0"
      }
    },
    "node_modules/@angular/cdk/node_modules/entities": {
      "version": "8.1.0",
      "resolved": "https://registry.npmjs.org/entities/-/entities-8.1.0.tgz",
      "integrity": "sha512-kxL7msIffSuh9aaFAMD7rxAIuTRMAHMeBtgHW2yUdWw732ZNh4MehkF2gdjvtdmikkaIP9bFDDJOPlsvm7avrA==",
      "license": "BSD-2-Clause",
      "engines": {
        "node": ">=20.19.0"
      },
      "funding": {
        "url": "https://github.com/fb55/entities?sponsor=1"
      }
    },
    "node_modules/@angular/cdk/node_modules/parse5": {
      "version": "8.0.1",
      "resolved": "https://registry.npmjs.org/parse5/-/parse5-8.0.1.tgz",
      "integrity": "sha512-z1e/HMG90obSGeidlli3hj7cbocou0/wa5HacvI3ASx34PecNjNQeaHNo5WIZpWofN9kgkqV1q5YvXe3F0FoPw==",
      "license": "MIT",
      "dependencies": {
        "entities": "^8.0.0"
      },
      "funding": {
        "url": "https://github.com/inikulin/parse5?sponsor=1"
      }
    },
    "node_modules/@angular/common": {
      "version": "21.2.23",
      "resolved": "https://registry.npmjs.org/@angular/common/-/common-21.2.23.tgz",
      "integrity": "sha512-IVhHD4w/+v/S7YAIyF3v20u3zpOj7Y8EuL9xxPyfyxlfz5zPpJFJ/GaZb0Y5sMANCFLVwQj3VcQNWgYtd7W2yA==",
      "license": "MIT",
      "peer": true,
      "dependencies": {
        "tslib": "^2.3.0"
      },
      "engines": {
        "node": "^20.19.0 || ^22.12.0 || >=24.0.0"
      },
      "peerDependencies": {
        "@angular/core": "21.2.23",
        "rxjs": "^6.5.3 || ^7.4.0"
      }
    },
    "node_modules/@angular/core": {
      "version": "21.2.23",
      "resolved": "https://registry.npmjs.org/@angular/core/-/core-21.2.23.tgz",
      "integrity": "sha512-O8i8ntukAhg3nM9y9A/o1eXVFnFk5/VltA2gQrDuWTpIPLyWmyZW+Zb65UBJI14tGOTt99Y3l3teIuF36mLBgQ==",
      "license": "MIT",
      "peer": true,
      "dependencies": {
        "tslib": "^2.3.0"
      },
      "engines": {
        "node": "^20.19.0 || ^22.12.0 || >=24.0.0"
      },
      "peerDependencies": {
        "@angular/compiler": "21.2.23",
        "rxjs": "^6.5.3 || ^7.4.0",
        "zone.js": "~0.15.0 || ~0.16.0"
      },
      "peerDependenciesMeta": {
        "@angular/compiler": {
          "optional": true
        },
        "zone.js": {
          "optional": true
        }
      }
    },
    "node_modules/@angular/forms": {
      "version": "21.2.23",
      "resolved": "https://registry.npmjs.org/@angular/forms/-/forms-21.2.23.tgz",
      "integrity": "sha512-l0PyfoCO6MflgQwL4spawbiTqzSrlOWUn1BUcbGuBU33lbgTBrR9dogfT8sQ54ZO/6gcWkToxi0WbvugSfzQtQ==",
      "license": "MIT",
      "peer": true,
      "dependencies": {
        "@standard-schema/spec": "^1.0.0",
        "tslib": "^2.3.0"
      },
      "engines": {
        "node": "^20.19.0 || ^22.12.0 || >=24.0.0"
      },
      "peerDependencies": {
        "@angular/common": "21.2.23",
        "@angular/core": "21.2.23",
        "@angular/platform-browser": "21.2.23",
        "rxjs": "^6.5.3 || ^7.4.0"
      }
    },
    "node_modules/@angular/material": {
      "version": "21.2.14",
      "resolved": "https://registry.npmjs.org/@angular/material/-/material-21.2.14.tgz",
      "integrity": "sha512-fMQca8VRtei93JRRG9qQ+u08DCb0nga59Esoakq5yx3+A1NfdpFeUS1tBns56U04o8KAaIAwZK3NBqXz8ZKNqg==",
      "license": "MIT",
      "dependencies": {
        "tslib": "^2.3.0"
      },
      "peerDependencies": {
        "@angular/cdk": "21.2.14",
        "@angular/common": "^21.0.0 || ^22.0.0",
        "@angular/core": "^21.0.0 || ^22.0.0",
        "@angular/forms": "^21.0.0 || ^22.0.0",
        "@angular/platform-browser": "^21.0.0 || ^22.0.0",
        "rxjs": "^6.5.3 || ^7.4.0"
      }
    },
    "node_modules/@angular/platform-browser": {
      "version": "21.2.23",
      "resolved": "https://registry.npmjs.org/@angular/platform-browser/-/platform-browser-21.2.23.tgz",
      "integrity": "sha512-3/yTsYroz6xjH1sqxJwOcBdLEGU4QLouu5z1ja/JN7jrPUfRHj2YBfVS+ayWLEnMt9CfuyjZxoVPXHtWuZ3Gog==",
      "license": "MIT",
      "peer": true,
      "dependencies": {
        "tslib": "^2.3.0"
      },
      "engines": {
        "node": "^20.19.0 || ^22.12.0 || >=24.0.0"
      },
      "peerDependencies": {
        "@angular/animations": "21.2.23",
        "@angular/common": "21.2.23",
        "@angular/core": "21.2.23"
      },
      "peerDependenciesMeta": {
        "@angular/animations": {
          "optional": true
        }
      }
    },
    "node_modules/@angular/router": {
      "version": "21.2.23",
      "resolved": "https://registry.npmjs.org/@angular/router/-/router-21.2.23.tgz",
      "integrity": "sha512-cNwTd1XvCXsFZqvn4WFPv7VUci7PJzlK9Ex/git3oEyS9318sJjX7sw2IeTpvwIg01BZtF1xBvWgMTHgcXvzIA==",
      "license": "MIT",
      "peer": true,
      "dependencies": {
        "tslib": "^2.3.0"
      },
      "engines": {
        "node": "^20.19.0 || ^22.12.0 || >=24.0.0"
      },
      "peerDependencies": {
        "@angular/common": "21.2.23",
        "@angular/core": "21.2.23",
        "@angular/platform-browser": "21.2.23",
        "rxjs": "^6.5.3 || ^7.4.0"
      }
    },
    "node_modules/@jmgduarte/headless-angular": {
      "version": "0.0.3",
      "resolved": "git+ssh://git@github.com/jmgduarte1/headless-renderer-angular.git#d11d5e114830f7253e8d2e9c8c36a8a3b9a94eff",
      "dependencies": {
        "@angular/cdk": "^21.2.0",
        "@angular/material": "^21.2.0",
        "@jmgduarte/headless-core": "git+ssh://git@github.com/jmgduarte1/headless-renderer-core.git#dist",
        "rxjs": "^7.8.2",
        "swiper": "^12.2.0",
        "tslib": "^2.3.0"
      },
      "peerDependencies": {
        "@angular/common": "^21.2.0",
        "@angular/core": "^21.2.0",
        "@angular/forms": "^21.2.0",
        "@angular/material": "^21.2.0",
        "@angular/platform-browser": "^21.2.0",
        "@angular/router": "^21.2.0"
      }
    },
    "node_modules/@jmgduarte/headless-core": {
      "version": "0.0.1",
      "resolved": "git+ssh://git@github.com/jmgduarte1/headless-renderer-core.git#b7f0e598f598ed428a935cdb46261063cbec29f3"
    },
    "node_modules/@standard-schema/spec": {
      "version": "1.1.0",
      "resolved": "https://registry.npmjs.org/@standard-schema/spec/-/spec-1.1.0.tgz",
      "integrity": "sha512-l2aFy5jALhniG5HgqrD6jXLi/rUWrKvqN/qJx6yoJsgKhblVd+iqqU4RCXavm/jPityDo5TCvKMnpjKnOriy0w==",
      "license": "MIT"
    },
    "node_modules/rxjs": {
      "version": "7.8.2",
      "resolved": "https://registry.npmjs.org/rxjs/-/rxjs-7.8.2.tgz",
      "integrity": "sha512-dhKf903U/PQZY6boNNtAGdWbG85WAbjT/1xYoZIC7FAY0yWapOBQVsVrDl58W86//e1VpMNBtRV4MaXfdMySFA==",
      "license": "Apache-2.0",
      "peer": true,
      "dependencies": {
        "tslib": "^2.1.0"
      }
    },
    "node_modules/swiper": {
      "version": "12.2.0",
      "resolved": "https://registry.npmjs.org/swiper/-/swiper-12.2.0.tgz",
      "integrity": "sha512-K8uXsBZU6ME97Ia3xbBge8IRCnR1lOmIILzvY/jGVic7dSTQ530s3uO8RvXbPUtkkXLWIwmZLRPbtDxRWVAFdg==",
      "funding": [
        {
          "type": "custom",
          "url": "https://sponsors.nolimits4web.com"
        },
        {
          "type": "github",
          "url": "https://github.com/sponsors/nolimits4web"
        }
      ],
      "license": "MIT",
      "engines": {
        "node": ">= 4.7.0"
      }
    },
    "node_modules/tslib": {
      "version": "2.8.1",
      "resolved": "https://registry.npmjs.org/tslib/-/tslib-2.8.1.tgz",
      "integrity": "sha512-oJFu94HQb+KVduSUQL7wnpmqnfmLsOA/nAh6b6EH0wCEoK0/mPeXU6c3wKDV83MkOuHPRHtSXKKU99IBazS/2w==",
      "license": "0BSD"
    }
  }
}
